
Microsoft Visual Studio Solution File, Format Version 12.00
# Visual Studio Version 17
VisualStudioVersion = 17.9.34607.119
MinimumVisualStudioVersion = 10.0.40219.1
Project("{888888A0-9F3D-457C-B088-3A5042F75D52}") = "hacker rank", "hacker rank\hacker rank.pyproj", "{1C592D3D-87FE-4524-A1EB-202F6A449B5D}"
EndProject
Global
	GlobalSection(SolutionConfigurationPlatforms) = preSolution
		Debug|Any CPU = Debug|Any CPU
		Release|Any CPU = Release|Any CPU
	EndGlobalSection
	GlobalSection(ProjectConfigurationPlatforms) = postSolution
		{1C592D3D-87FE-4524-A1EB-202F6A449B5D}.Debug|Any CPU.ActiveCfg = Debug|Any CPU
		{1C592D3D-87FE-4524-A1EB-202F6A449B5D}.Release|Any CPU.ActiveCfg = Release|Any CPU
	EndGlobalSection
	GlobalSection(SolutionProperties) = preSolution
		HideSolutionNode = FALSE
	EndGlobalSection
	GlobalSection(ExtensibilityGlobals) = postSolution
		SolutionGuid = {7E3A9B66-DA29-4E42-AE1E-C10FA4832D75}
	EndGlobalSection
EndGlobal
